
Microsoft Visual Studio Solution File, Format Version 12.00
# Visual Studio 15
VisualStudioVersion = 15.0.27004.2010
MinimumVisualStudioVersion = 10.0.40219.1
Project("{2150E333-8FDC-42A3-9474-1A3956D46DE8}") = "Core", "Core", "{8803FA06-DA89-45E9-ACA8-95983F00582E}"
EndProject
Project("{2150E333-8FDC-42A3-9474-1A3956D46DE8}") = "Test", "Test", "{B2476EBC-9557-4614-AB21-4F391D132506}"
EndProject
Project("{FAE04EC0-301F-11D3-BF4B-00C04F79EFBC}") = "Domain", "Core\Domain\Domain.csproj", "{30756D8F-9882-4110-AE3E-21213B88373B}"
EndProject
Project("{FAE04EC0-301F-11D3-BF4B-00C04F79EFBC}") = "Domain.Tests", "Test\Domain.Tests\Domain.Tests.csproj", "{306BE19E-FB2D-4B5C-BEDE-B6E807927AFD}"
EndProject
Project("{FAE04EC0-301F-11D3-BF4B-00C04F79EFBC}") = "Dal", "Core\Dal\Dal.csproj", "{7918EC58-35C6-472E-BBFF-37C44E4069FF}"
EndProject
Project("{FAE04EC0-301F-11D3-BF4B-00C04F79EFBC}") = "Dal.Nhb", "Core\Dal.Nhb\Dal.Nhb.csproj", "{7BF41D88-F32A-4C24-9DB4-9DB3C318DC23}"
EndProject
Project("{FAE04EC0-301F-11D3-BF4B-00C04F79EFBC}") = "Dal.Nhb.Tests", "Test\Dal.Nhb.Tests\Dal.Nhb.Tests.csproj", "{56071E7F-0FB5-4156-A65E-A033889C65EC}"
EndProject
Project("{9A19103F-16F7-4668-BE54-9A1E7A4F7556}") = "Dal.EfCore", "Core\Dal.EfCore\Dal.EfCore.csproj", "{C66F3DB7-3736-4B1C-BAF0-C90476A13359}"
EndProject
Project("{FAE04EC0-301F-11D3-BF4B-00C04F79EFBC}") = "Dal.EfCore.Tests", "Test\Dal.EfCore.Tests\Dal.EfCore.Tests.csproj", "{FF271A6C-D03D-4537-9E70-B0C2C2C2A533}"
EndProject
Project("{2150E333-8FDC-42A3-9474-1A3956D46DE8}") = "Api", "Api", "{6F614D03-01E6-4A08-995D-4DBA7F07415B}"
EndProject
Project("{FAE04EC0-301F-11D3-BF4B-00C04F79EFBC}") = "Api.Http", "Api\Api.Http\Api.Http.csproj", "{2D3B299D-66DD-48E4-A0B5-64904B0EDEF1}"
EndProject
Project("{FAE04EC0-301F-11D3-BF4B-00C04F79EFBC}") = "Api.Commands", "Api\Api.Commands\Api.Commands.csproj", "{8CEDF155-39E6-4B88-B1F4-111905903C73}"
EndProject
Project("{FAE04EC0-301F-11D3-BF4B-00C04F79EFBC}") = "Api.Handlers", "Api\Api.Handlers\Api.Handlers.csproj", "{705FEDF6-334B-4682-A9C6-8241AB215F2E}"
EndProject
Global
	GlobalSection(SolutionConfigurationPlatforms) = preSolution
		Debug|Any CPU = Debug|Any CPU
		Release|Any CPU = Release|Any CPU
	EndGlobalSection
	GlobalSection(ProjectConfigurationPlatforms) = postSolution
		{30756D8F-9882-4110-AE3E-21213B88373B}.Debug|Any CPU.ActiveCfg = Debug|Any CPU
		{30756D8F-9882-4110-AE3E-21213B88373B}.Debug|Any CPU.Build.0 = Debug|Any CPU
		{30756D8F-9882-4110-AE3E-21213B88373B}.Release|Any CPU.ActiveCfg = Release|Any CPU
		{30756D8F-9882-4110-AE3E-21213B88373B}.Release|Any CPU.Build.0 = Release|Any CPU
		{306BE19E-FB2D-4B5C-BEDE-B6E807927AFD}.Debug|Any CPU.ActiveCfg = Debug|Any CPU
		{306BE19E-FB2D-4B5C-BEDE-B6E807927AFD}.Debug|Any CPU.Build.0 = Debug|Any CPU
		{306BE19E-FB2D-4B5C-BEDE-B6E807927AFD}.Release|Any CPU.ActiveCfg = Release|Any CPU
		{306BE19E-FB2D-4B5C-BEDE-B6E807927AFD}.Release|Any CPU.Build.0 = Release|Any CPU
		{7918EC58-35C6-472E-BBFF-37C44E4069FF}.Debug|Any CPU.ActiveCfg = Debug|Any CPU
		{7918EC58-35C6-472E-BBFF-37C44E4069FF}.Debug|Any CPU.Build.0 = Debug|Any CPU
		{7918EC58-35C6-472E-BBFF-37C44E4069FF}.Release|Any CPU.ActiveCfg = Release|Any CPU
		{7918EC58-35C6-472E-BBFF-37C44E4069FF}.Release|Any CPU.Build.0 = Release|Any CPU
		{7BF41D88-F32A-4C24-9DB4-9DB3C318DC23}.Debug|Any CPU.ActiveCfg = Debug|Any CPU
		{7BF41D88-F32A-4C24-9DB4-9DB3C318DC23}.Debug|Any CPU.Build.0 = Debug|Any CPU
		{7BF41D88-F32A-4C24-9DB4-9DB3C318DC23}.Release|Any CPU.ActiveCfg = Release|Any CPU
		{7BF41D88-F32A-4C24-9DB4-9DB3C318DC23}.Release|Any CPU.Build.0 = Release|Any CPU
		{56071E7F-0FB5-4156-A65E-A033889C65EC}.Debug|Any CPU.ActiveCfg = Debug|Any CPU
		{56071E7F-0FB5-4156-A65E-A033889C65EC}.Debug|Any CPU.Build.0 = Debug|Any CPU
		{56071E7F-0FB5-4156-A65E-A033889C65EC}.Release|Any CPU.ActiveCfg = Release|Any CPU
		{56071E7F-0FB5-4156-A65E-A033889C65EC}.Release|Any CPU.Build.0 = Release|Any CPU
		{C66F3DB7-3736-4B1C-BAF0-C90476A13359}.Debug|Any CPU.ActiveCfg = Debug|Any CPU
		{C66F3DB7-3736-4B1C-BAF0-C90476A13359}.Debug|Any CPU.Build.0 = Debug|Any CPU
		{C66F3DB7-3736-4B1C-BAF0-C90476A13359}.Release|Any CPU.ActiveCfg = Release|Any CPU
		{C66F3DB7-3736-4B1C-BAF0-C90476A13359}.Release|Any CPU.Build.0 = Release|Any CPU
		{FF271A6C-D03D-4537-9E70-B0C2C2C2A533}.Debug|Any CPU.ActiveCfg = Debug|Any CPU
		{FF271A6C-D03D-4537-9E70-B0C2C2C2A533}.Debug|Any CPU.Build.0 = Debug|Any CPU
		{FF271A6C-D03D-4537-9E70-B0C2C2C2A533}.Release|Any CPU.ActiveCfg = Release|Any CPU
		{FF271A6C-D03D-4537-9E70-B0C2C2C2A533}.Release|Any CPU.Build.0 = Release|Any CPU
		{2D3B299D-66DD-48E4-A0B5-64904B0EDEF1}.Debug|Any CPU.ActiveCfg = Debug|Any CPU
		{2D3B299D-66DD-48E4-A0B5-64904B0EDEF1}.Debug|Any CPU.Build.0 = Debug|Any CPU
		{2D3B299D-66DD-48E4-A0B5-64904B0EDEF1}.Release|Any CPU.ActiveCfg = Release|Any CPU
		{2D3B299D-66DD-48E4-A0B5-64904B0EDEF1}.Release|Any CPU.Build.0 = Release|Any CPU
		{8CEDF155-39E6-4B88-B1F4-111905903C73}.Debug|Any CPU.ActiveCfg = Debug|Any CPU
		{8CEDF155-39E6-4B88-B1F4-111905903C73}.Debug|Any CPU.Build.0 = Debug|Any CPU
		{8CEDF155-39E6-4B88-B1F4-111905903C73}.Release|Any CPU.ActiveCfg = Release|Any CPU
		{8CEDF155-39E6-4B88-B1F4-111905903C73}.Release|Any CPU.Build.0 = Release|Any CPU
		{705FEDF6-334B-4682-A9C6-8241AB215F2E}.Debug|Any CPU.ActiveCfg = Debug|Any CPU
		{705FEDF6-334B-4682-A9C6-8241AB215F2E}.Debug|Any CPU.Build.0 = Debug|Any CPU
		{705FEDF6-334B-4682-A9C6-8241AB215F2E}.Release|Any CPU.ActiveCfg = Release|Any CPU
		{705FEDF6-334B-4682-A9C6-8241AB215F2E}.Release|Any CPU.Build.0 = Release|Any CPU
	EndGlobalSection
	GlobalSection(SolutionProperties) = preSolution
		HideSolutionNode = FALSE
	EndGlobalSection
	GlobalSection(NestedProjects) = preSolution
		{30756D8F-9882-4110-AE3E-21213B88373B} = {8803FA06-DA89-45E9-ACA8-95983F00582E}
		{306BE19E-FB2D-4B5C-BEDE-B6E807927AFD} = {B2476EBC-9557-4614-AB21-4F391D132506}
		{7918EC58-35C6-472E-BBFF-37C44E4069FF} = {8803FA06-DA89-45E9-ACA8-95983F00582E}
		{7BF41D88-F32A-4C24-9DB4-9DB3C318DC23} = {8803FA06-DA89-45E9-ACA8-95983F00582E}
		{56071E7F-0FB5-4156-A65E-A033889C65EC} = {B2476EBC-9557-4614-AB21-4F391D132506}
		{C66F3DB7-3736-4B1C-BAF0-C90476A13359} = {8803FA06-DA89-45E9-ACA8-95983F00582E}
		{FF271A6C-D03D-4537-9E70-B0C2C2C2A533} = {B2476EBC-9557-4614-AB21-4F391D132506}
		{2D3B299D-66DD-48E4-A0B5-64904B0EDEF1} = {6F614D03-01E6-4A08-995D-4DBA7F07415B}
		{8CEDF155-39E6-4B88-B1F4-111905903C73} = {6F614D03-01E6-4A08-995D-4DBA7F07415B}
		{705FEDF6-334B-4682-A9C6-8241AB215F2E} = {6F614D03-01E6-4A08-995D-4DBA7F07415B}
	EndGlobalSection
	GlobalSection(ExtensibilityGlobals) = postSolution
		SolutionGuid = {388D4C4C-763E-45C0-87A2-3B30E759EBA4}
	EndGlobalSection
EndGlobal
